
Microsoft Visual Studio Solution File, Format Version 12.00
# Visual Studio 2012
Project("{FAE04EC0-301F-11D3-BF4B-00C04F79EFBC}") = "NBass", "NBass\NBass.csproj", "{2E1BF19E-AE21-4B81-9B34-C389A74E87A6}"
EndProject
Project("{FAE04EC0-301F-11D3-BF4B-00C04F79EFBC}") = "NBass.Tests", "NBass.Tests\NBass.Tests.csproj", "{BD71E8DF-9C05-400A-AFAF-5E103568175B}"
EndProject
Global
	GlobalSection(SolutionConfigurationPlatforms) = preSolution
		Debug|Any CPU = Debug|Any CPU
		Release|Any CPU = Release|Any CPU
	EndGlobalSection
	GlobalSection(ProjectConfigurationPlatforms) = postSolution
		{2E1BF19E-AE21-4B81-9B34-C389A74E87A6}.Debug|Any CPU.ActiveCfg = Debug|Any CPU
		{2E1BF19E-AE21-4B81-9B34-C389A74E87A6}.Debug|Any CPU.Build.0 = Debug|Any CPU
		{2E1BF19E-AE21-4B81-9B34-C389A74E87A6}.Release|Any CPU.ActiveCfg = Release|Any CPU
		{2E1BF19E-AE21-4B81-9B34-C389A74E87A6}.Release|Any CPU.Build.0 = Release|Any CPU
		{BD71E8DF-9C05-400A-AFAF-5E103568175B}.Debug|Any CPU.ActiveCfg = Debug|Any CPU
		{BD71E8DF-9C05-400A-AFAF-5E103568175B}.Debug|Any CPU.Build.0 = Debug|Any CPU
		{BD71E8DF-9C05-400A-AFAF-5E103568175B}.Release|Any CPU.ActiveCfg = Release|Any CPU
		{BD71E8DF-9C05-400A-AFAF-5E103568175B}.Release|Any CPU.Build.0 = Release|Any CPU
	EndGlobalSection
	GlobalSection(MonoDevelopProperties) = preSolution
		StartupItem = NBass\NBass.csproj
	EndGlobalSection
	GlobalSection(SolutionProperties) = preSolution
		HideSolutionNode = FALSE
	EndGlobalSection
EndGlobal
